
Microsoft Visual Studio Solution File, Format Version 12.00
# Blend for Visual Studio Version 16
VisualStudioVersion = 16.0.30503.244
MinimumVisualStudioVersion = 10.0.40219.1
Project("{FAE04EC0-301F-11D3-BF4B-00C04F79EFBC}") = "ReNamer", "ReNamer\ReNamer.csproj", "{26FAEDE3-BF7D-4BAF-A63F-82C27038B718}"
EndProject
Global
	GlobalSection(SolutionConfigurationPlatforms) = preSolution
		Debug|Any CPU = Debug|Any CPU
		Release|Any CPU = Release|Any CPU
	EndGlobalSection
	GlobalSection(ProjectConfigurationPlatforms) = postSolution
		{26FAEDE3-BF7D-4BAF-A63F-82C27038B718}.Debug|Any CPU.ActiveCfg = Debug|Any CPU
		{26FAEDE3-BF7D-4BAF-A63F-82C27038B718}.Debug|Any CPU.Build.0 = Debug|Any CPU
		{26FAEDE3-BF7D-4BAF-A63F-82C27038B718}.Release|Any CPU.ActiveCfg = Release|Any CPU
		{26FAEDE3-BF7D-4BAF-A63F-82C27038B718}.Release|Any CPU.Build.0 = Release|Any CPU
	EndGlobalSection
	GlobalSection(SolutionProperties) = preSolution
		HideSolutionNode = FALSE
	EndGlobalSection
	GlobalSection(ExtensibilityGlobals) = postSolution
		SolutionGuid = {0A74B16E-EBEF-4650-BEE2-A6222E52E408}
	EndGlobalSection
EndGlobal
